{
  "requires": true,
  "lockfileVersion": 1,
  "dependencies": {
    "@types/lodash": {
      "version": "4.14.168",
      "resolved": "https://registry.npmjs.org/@types/lodash/-/lodash-4.14.168.tgz",
      "integrity": "sha512-oVfRvqHV/V6D1yifJbVRU3TMp8OT6o6BG+U9MkwuJ3U8/CsDHvalRpsxBqivn71ztOFZBTfJMvETbqHiaNSj7Q=="
    },
    "@types/screeps": {
      "version": "3.2.1",
      "resolved": "https://registry.npmjs.org/@types/screeps/-/screeps-3.2.1.tgz",
      "integrity": "sha512-5xTVk0lyhzQ8VrcLLbBkWcnM9OrDZGfu0HgI1MUg3+oc45h5xnl9J7mFoWSjVR518yZcck5m6eskGy47gaHQ9A=="
    }
  }
}
